
Microsoft Visual Studio Solution File, Format Version 12.00
# Visual Studio Version 16
VisualStudioVersion = 16.0.30225.117
MinimumVisualStudioVersion = 10.0.40219.1
Project("{9A19103F-16F7-4668-BE54-9A1E7A4F7556}") = "Siterm.Domain", "Siterm.Domain\Siterm.Domain.csproj", "{FC26E6AD-FA36-4C96-B236-133334F92E44}"
EndProject
Project("{9A19103F-16F7-4668-BE54-9A1E7A4F7556}") = "Siterm.EntityFramework", "Siterm.EntityFramework\Siterm.EntityFramework.csproj", "{FFCDA88F-935A-4BBF-9C35-9F747BD074A3}"
EndProject
Project("{9A19103F-16F7-4668-BE54-9A1E7A4F7556}") = "Siterm.WPF", "Siterm.WPF\Siterm.WPF.csproj", "{FF307F26-F998-4615-9DB3-128F67188422}"
EndProject
Project("{9A19103F-16F7-4668-BE54-9A1E7A4F7556}") = "Siterm.Support", "Siterm.Support\Siterm.Support.csproj", "{E55EBC0D-E1EE-4C62-BCC2-6F510EB9BB41}"
EndProject
Project("{9A19103F-16F7-4668-BE54-9A1E7A4F7556}") = "Siterm.Settings", "Siterm.Settings\Siterm.Settings.csproj", "{A0D8F72E-56EB-4C35-A104-D27129C89B7A}"
EndProject
Project("{9A19103F-16F7-4668-BE54-9A1E7A4F7556}") = "Siterm.Excel", "Siterm.Excel\Siterm.Excel.csproj", "{77A98BDC-8530-4CF4-B0D3-6BB6F3AD3029}"
EndProject
Project("{9A19103F-16F7-4668-BE54-9A1E7A4F7556}") = "Siterm.Substance", "Siterm.Substance\Siterm.Substance.csproj", "{4B2083DD-3EDF-45B3-A909-EF3876D11E92}"
EndProject
Project("{9A19103F-16F7-4668-BE54-9A1E7A4F7556}") = "Siterm.DatabaseInitialization", "Siterm.DatabaseInitialization\Siterm.DatabaseInitialization.csproj", "{3A13C873-1314-413D-AA6E-B6F389679CFB}"
EndProject
Project("{FAE04EC0-301F-11D3-BF4B-00C04F79EFBC}") = "Siterm.Facility", "Siterm.Facility\Siterm.Facility.csproj", "{D35DB0B7-AEED-496E-ADE4-029DFF571C52}"
EndProject
Global
	GlobalSection(SolutionConfigurationPlatforms) = preSolution
		Debug|Any CPU = Debug|Any CPU
		Release|Any CPU = Release|Any CPU
	EndGlobalSection
	GlobalSection(ProjectConfigurationPlatforms) = postSolution
		{FC26E6AD-FA36-4C96-B236-133334F92E44}.Debug|Any CPU.ActiveCfg = Debug|Any CPU
		{FC26E6AD-FA36-4C96-B236-133334F92E44}.Debug|Any CPU.Build.0 = Debug|Any CPU
		{FC26E6AD-FA36-4C96-B236-133334F92E44}.Release|Any CPU.ActiveCfg = Release|Any CPU
		{FC26E6AD-FA36-4C96-B236-133334F92E44}.Release|Any CPU.Build.0 = Release|Any CPU
		{FFCDA88F-935A-4BBF-9C35-9F747BD074A3}.Debug|Any CPU.ActiveCfg = Debug|Any CPU
		{FFCDA88F-935A-4BBF-9C35-9F747BD074A3}.Debug|Any CPU.Build.0 = Debug|Any CPU
		{FFCDA88F-935A-4BBF-9C35-9F747BD074A3}.Release|Any CPU.ActiveCfg = Release|Any CPU
		{FFCDA88F-935A-4BBF-9C35-9F747BD074A3}.Release|Any CPU.Build.0 = Release|Any CPU
		{FF307F26-F998-4615-9DB3-128F67188422}.Debug|Any CPU.ActiveCfg = Debug|Any CPU
		{FF307F26-F998-4615-9DB3-128F67188422}.Debug|Any CPU.Build.0 = Debug|Any CPU
		{FF307F26-F998-4615-9DB3-128F67188422}.Release|Any CPU.ActiveCfg = Release|Any CPU
		{FF307F26-F998-4615-9DB3-128F67188422}.Release|Any CPU.Build.0 = Release|Any CPU
		{E55EBC0D-E1EE-4C62-BCC2-6F510EB9BB41}.Debug|Any CPU.ActiveCfg = Debug|Any CPU
		{E55EBC0D-E1EE-4C62-BCC2-6F510EB9BB41}.Debug|Any CPU.Build.0 = Debug|Any CPU
		{E55EBC0D-E1EE-4C62-BCC2-6F510EB9BB41}.Release|Any CPU.ActiveCfg = Release|Any CPU
		{E55EBC0D-E1EE-4C62-BCC2-6F510EB9BB41}.Release|Any CPU.Build.0 = Release|Any CPU
		{A0D8F72E-56EB-4C35-A104-D27129C89B7A}.Debug|Any CPU.ActiveCfg = Debug|Any CPU
		{A0D8F72E-56EB-4C35-A104-D27129C89B7A}.Debug|Any CPU.Build.0 = Debug|Any CPU
		{A0D8F72E-56EB-4C35-A104-D27129C89B7A}.Release|Any CPU.ActiveCfg = Release|Any CPU
		{A0D8F72E-56EB-4C35-A104-D27129C89B7A}.Release|Any CPU.Build.0 = Release|Any CPU
		{77A98BDC-8530-4CF4-B0D3-6BB6F3AD3029}.Debug|Any CPU.ActiveCfg = Debug|Any CPU
		{77A98BDC-8530-4CF4-B0D3-6BB6F3AD3029}.Debug|Any CPU.Build.0 = Debug|Any CPU
		{77A98BDC-8530-4CF4-B0D3-6BB6F3AD3029}.Release|Any CPU.ActiveCfg = Release|Any CPU
		{77A98BDC-8530-4CF4-B0D3-6BB6F3AD3029}.Release|Any CPU.Build.0 = Release|Any CPU
		{4B2083DD-3EDF-45B3-A909-EF3876D11E92}.Debug|Any CPU.ActiveCfg = Debug|Any CPU
		{4B2083DD-3EDF-45B3-A909-EF3876D11E92}.Debug|Any CPU.Build.0 = Debug|Any CPU
		{4B2083DD-3EDF-45B3-A909-EF3876D11E92}.Release|Any CPU.ActiveCfg = Release|Any CPU
		{4B2083DD-3EDF-45B3-A909-EF3876D11E92}.Release|Any CPU.Build.0 = Release|Any CPU
		{3A13C873-1314-413D-AA6E-B6F389679CFB}.Debug|Any CPU.ActiveCfg = Debug|Any CPU
		{3A13C873-1314-413D-AA6E-B6F389679CFB}.Debug|Any CPU.Build.0 = Debug|Any CPU
		{3A13C873-1314-413D-AA6E-B6F389679CFB}.Release|Any CPU.ActiveCfg = Release|Any CPU
		{3A13C873-1314-413D-AA6E-B6F389679CFB}.Release|Any CPU.Build.0 = Release|Any CPU
		{D35DB0B7-AEED-496E-ADE4-029DFF571C52}.Debug|Any CPU.ActiveCfg = Debug|Any CPU
		{D35DB0B7-AEED-496E-ADE4-029DFF571C52}.Debug|Any CPU.Build.0 = Debug|Any CPU
		{D35DB0B7-AEED-496E-ADE4-029DFF571C52}.Release|Any CPU.ActiveCfg = Release|Any CPU
		{D35DB0B7-AEED-496E-ADE4-029DFF571C52}.Release|Any CPU.Build.0 = Release|Any CPU
	EndGlobalSection
	GlobalSection(SolutionProperties) = preSolution
		HideSolutionNode = FALSE
	EndGlobalSection
	GlobalSection(ExtensibilityGlobals) = postSolution
		SolutionGuid = {7E6A1773-FCD3-4B3A-92BA-5E3E4CBA7325}
	EndGlobalSection
EndGlobal
